// !$*UTF8*$!
{
	archiveVersion = 1;
	classes = {
	};
	objectVersion = 56;
	objects = {

/* Begin PBXBuildFile section */
		2E5876302BB7F16D00277551 /* FirestoreManager.swift in Sources */ = {isa = PBXBuildFile; fileRef = 2E58762F2BB7F16D00277551 /* FirestoreManager.swift */; };
		2E5876342BB7F1C300277551 /* SignInUsingEmailView.swift in Sources */ = {isa = PBXBuildFile; fileRef = 2E5876332BB7F1C200277551 /* SignInUsingEmailView.swift */; };
		540E7C832BF81FA800BE0C38 /* ExpensesView.swift in Sources */ = {isa = PBXBuildFile; fileRef = 540E7C822BF81FA800BE0C38 /* ExpensesView.swift */; };
		540E7C862BF81FDF00BE0C38 /* ExpenseItemView.swift in Sources */ = {isa = PBXBuildFile; fileRef = 540E7C852BF81FDF00BE0C38 /* ExpenseItemView.swift */; };
		540E7C882BF820B100BE0C38 /* Expense.swift in Sources */ = {isa = PBXBuildFile; fileRef = 540E7C872BF820B100BE0C38 /* Expense.swift */; };
		540E7C8A2BF851DE00BE0C38 /* IdentifiableExpense.swift in Sources */ = {isa = PBXBuildFile; fileRef = 540E7C892BF851DE00BE0C38 /* IdentifiableExpense.swift */; };
		540E7C8C2BF8610700BE0C38 /* AddExpenseView.swift in Sources */ = {isa = PBXBuildFile; fileRef = 540E7C8B2BF8610700BE0C38 /* AddExpenseView.swift */; };
		541C9EEB2BEB2C26009D2E83 /* FirebaseFirestoreSwift in Frameworks */ = {isa = PBXBuildFile; productRef = 541C9EEA2BEB2C26009D2E83 /* FirebaseFirestoreSwift */; };
		541C9EEF2BEC7240009D2E83 /* ProfileView.swift in Sources */ = {isa = PBXBuildFile; fileRef = 541C9EEE2BEC7240009D2E83 /* ProfileView.swift */; };
		541C9EF22BEC736A009D2E83 /* ProfileViewModel.swift in Sources */ = {isa = PBXBuildFile; fileRef = 541C9EF12BEC736A009D2E83 /* ProfileViewModel.swift */; };
		541C9EF42BEC92A1009D2E83 /* UserManager.swift in Sources */ = {isa = PBXBuildFile; fileRef = 541C9EF32BEC92A1009D2E83 /* UserManager.swift */; };
		541C9EF62BECA051009D2E83 /* CoHiveUser.swift in Sources */ = {isa = PBXBuildFile; fileRef = 541C9EF52BECA051009D2E83 /* CoHiveUser.swift */; };
		5444C33A2BB6771E00836F33 /* GroupCreate.swift in Sources */ = {isa = PBXBuildFile; fileRef = 5444C3392BB6771E00836F33 /* GroupCreate.swift */; };
		5444C33C2BB6776800836F33 /* GroupDelete.swift in Sources */ = {isa = PBXBuildFile; fileRef = 5444C33B2BB6776700836F33 /* GroupDelete.swift */; };
		5444C33F2BB6780900836F33 /* AddUser.swift in Sources */ = {isa = PBXBuildFile; fileRef = 5444C33E2BB6780900836F33 /* AddUser.swift */; };
		5444C3412BB6782900836F33 /* RemoveUser.swift in Sources */ = {isa = PBXBuildFile; fileRef = 5444C3402BB6782900836F33 /* RemoveUser.swift */; };
		545EC9EE2BB51C3B00143A64 /* Hive.swift in Sources */ = {isa = PBXBuildFile; fileRef = 545EC9ED2BB51C3B00143A64 /* Hive.swift */; };
		545EC9F02BB51D0A00143A64 /* Chore.swift in Sources */ = {isa = PBXBuildFile; fileRef = 545EC9EF2BB51D0A00143A64 /* Chore.swift */; };
		548290AA2BBA2114002BD95D /* GoogleSignIn in Frameworks */ = {isa = PBXBuildFile; productRef = 548290A92BBA2114002BD95D /* GoogleSignIn */; };
		548290AC2BBA2114002BD95D /* GoogleSignInSwift in Frameworks */ = {isa = PBXBuildFile; productRef = 548290AB2BBA2114002BD95D /* GoogleSignInSwift */; };
		548290AF2BBBAF29002BD95D /* Utils.swift in Sources */ = {isa = PBXBuildFile; fileRef = 548290AE2BBBAF29002BD95D /* Utils.swift */; };
		548290B12BBBB4D9002BD95D /* AppDelegate.swift in Sources */ = {isa = PBXBuildFile; fileRef = 548290B02BBBB4D9002BD95D /* AppDelegate.swift */; };
		548290B32BBC8B4C002BD95D /* RootView.swift in Sources */ = {isa = PBXBuildFile; fileRef = 548290B22BBC8B4C002BD95D /* RootView.swift */; };
		548290B52BBC9158002BD95D /* SettingsView.swift in Sources */ = {isa = PBXBuildFile; fileRef = 548290B42BBC9158002BD95D /* SettingsView.swift */; };
		548290B72BBE14A1002BD95D /* GoogleService-Info.plist in Resources */ = {isa = PBXBuildFile; fileRef = 548290B62BBE14A1002BD95D /* GoogleService-Info.plist */; };
		548290B92BBE211D002BD95D /* GIDSignInButton.swift in Sources */ = {isa = PBXBuildFile; fileRef = 548290B82BBE211D002BD95D /* GIDSignInButton.swift */; };
		548290BE2BBE239D002BD95D /* SignedOutViewModel.swift in Sources */ = {isa = PBXBuildFile; fileRef = 548290BD2BBE239D002BD95D /* SignedOutViewModel.swift */; };
		548290C02BBE2400002BD95D /* SignInUsingEmailViewModel.swift in Sources */ = {isa = PBXBuildFile; fileRef = 548290BF2BBE2400002BD95D /* SignInUsingEmailViewModel.swift */; };
		548290C22BBE242B002BD95D /* SettingsViewModel.swift in Sources */ = {isa = PBXBuildFile; fileRef = 548290C12BBE242B002BD95D /* SettingsViewModel.swift */; };
		548290C62BBE2FBC002BD95D /* SignInUsingGoogleHelper.swift in Sources */ = {isa = PBXBuildFile; fileRef = 548290C52BBE2FBC002BD95D /* SignInUsingGoogleHelper.swift */; };
		548290C92BC2422C002BD95D /* SignInUsingAppleHelper.swift in Sources */ = {isa = PBXBuildFile; fileRef = 548290C82BC2422C002BD95D /* SignInUsingAppleHelper.swift */; };
		5483B9572BFDE9E40031C8C3 /* ChoresView.swift in Sources */ = {isa = PBXBuildFile; fileRef = 5483B9562BFDE9E40031C8C3 /* ChoresView.swift */; };
		5483B9592BFDEA390031C8C3 /* ChoreItemView.swift in Sources */ = {isa = PBXBuildFile; fileRef = 5483B9582BFDEA390031C8C3 /* ChoreItemView.swift */; };
		5483B95B2BFDEA710031C8C3 /* IdentifiableChore.swift in Sources */ = {isa = PBXBuildFile; fileRef = 5483B95A2BFDEA710031C8C3 /* IdentifiableChore.swift */; };
		5483B95E2BFE8D680031C8C3 /* HiveViewModel.swift in Sources */ = {isa = PBXBuildFile; fileRef = 5483B95D2BFE8D680031C8C3 /* HiveViewModel.swift */; };
		5483B9612BFE8DA90031C8C3 /* AddExpenseViewModel.swift in Sources */ = {isa = PBXBuildFile; fileRef = 5483B9602BFE8DA90031C8C3 /* AddExpenseViewModel.swift */; };
		5483B9642BFE8DE80031C8C3 /* ChoresViewModel.swift in Sources */ = {isa = PBXBuildFile; fileRef = 5483B9632BFE8DE80031C8C3 /* ChoresViewModel.swift */; };
		5483B9672BFE96B50031C8C3 /* CreateHiveViewModel.swift in Sources */ = {isa = PBXBuildFile; fileRef = 5483B9662BFE96B50031C8C3 /* CreateHiveViewModel.swift */; };
		5483B9692BFEA8B50031C8C3 /* SignUpWithEmailView.swift in Sources */ = {isa = PBXBuildFile; fileRef = 5483B9682BFEA8B50031C8C3 /* SignUpWithEmailView.swift */; };
		5483B96D2BFF359B0031C8C3 /* LoadingFiveLinesChronological.swift in Sources */ = {isa = PBXBuildFile; fileRef = 5483B96C2BFF359B0031C8C3 /* LoadingFiveLinesChronological.swift */; };
		5487CA632BAEBD060070F6C3 /* CoHiveApp.swift in Sources */ = {isa = PBXBuildFile; fileRef = 5487CA622BAEBD060070F6C3 /* CoHiveApp.swift */; };
		5487CA652BAEBD060070F6C3 /* AuthenticationView.swift in Sources */ = {isa = PBXBuildFile; fileRef = 5487CA642BAEBD060070F6C3 /* AuthenticationView.swift */; };
		5487CA692BAEBD080070F6C3 /* Assets.xcassets in Resources */ = {isa = PBXBuildFile; fileRef = 5487CA682BAEBD080070F6C3 /* Assets.xcassets */; };
		5487CA6C2BAEBD080070F6C3 /* Preview Assets.xcassets in Resources */ = {isa = PBXBuildFile; fileRef = 5487CA6B2BAEBD080070F6C3 /* Preview Assets.xcassets */; };
		5487CA762BAEBD080070F6C3 /* CoHiveTests.swift in Sources */ = {isa = PBXBuildFile; fileRef = 5487CA752BAEBD080070F6C3 /* CoHiveTests.swift */; };
		5487CA802BAEBD080070F6C3 /* CoHiveUITests.swift in Sources */ = {isa = PBXBuildFile; fileRef = 5487CA7F2BAEBD080070F6C3 /* CoHiveUITests.swift */; };
		5487CA822BAEBD080070F6C3 /* CoHiveUITestsLaunchTests.swift in Sources */ = {isa = PBXBuildFile; fileRef = 5487CA812BAEBD080070F6C3 /* CoHiveUITestsLaunchTests.swift */; };
		5490890E2BB043EB004327AD /* .gitignore in Resources */ = {isa = PBXBuildFile; fileRef = 5490890D2BB043EB004327AD /* .gitignore */; };
		54A7C1CB2BB90B3B00DCD200 /* FirebaseAnalytics in Frameworks */ = {isa = PBXBuildFile; productRef = 54A7C1CA2BB90B3B00DCD200 /* FirebaseAnalytics */; };
		54C0CAA22BB5518C00E9267A /* RegisterView.swift in Sources */ = {isa = PBXBuildFile; fileRef = 54C0CAA12BB5518C00E9267A /* RegisterView.swift */; };
		54E0A2052BB53A45002009B0 /* JosefinSans.ttf in Resources */ = {isa = PBXBuildFile; fileRef = 54E0A2042BB53A45002009B0 /* JosefinSans.ttf */; };
		54EC2C592BF5CADF008018C0 /* NameNewHiveView.swift in Sources */ = {isa = PBXBuildFile; fileRef = 54EC2C582BF5CADF008018C0 /* NameNewHiveView.swift */; };
		54EC2C5B2BF5CE12008018C0 /* HiveView.swift in Sources */ = {isa = PBXBuildFile; fileRef = 54EC2C5A2BF5CE12008018C0 /* HiveView.swift */; };
		54EC2C5D2BF5CFF8008018C0 /* HiveManager.swift in Sources */ = {isa = PBXBuildFile; fileRef = 54EC2C5C2BF5CFF8008018C0 /* HiveManager.swift */; };
		54EC2C5F2BF5DA42008018C0 /* HiveCreationRedirectView.swift in Sources */ = {isa = PBXBuildFile; fileRef = 54EC2C5E2BF5DA42008018C0 /* HiveCreationRedirectView.swift */; };
		54EF59042BFDC17800A52F40 /* CreateHiveView.swift in Sources */ = {isa = PBXBuildFile; fileRef = 54EF59032BFDC17800A52F40 /* CreateHiveView.swift */; };
		54F5781A2BB90E28009683F5 /* FirebaseAnalyticsSwift in Frameworks */ = {isa = PBXBuildFile; productRef = 54F578192BB90E28009683F5 /* FirebaseAnalyticsSwift */; };
		54F5781D2BB90E9F009683F5 /* FirebaseFirestore in Frameworks */ = {isa = PBXBuildFile; productRef = 54F5781C2BB90E9F009683F5 /* FirebaseFirestore */; };
		54F578212BB90F28009683F5 /* FirebaseAuth in Frameworks */ = {isa = PBXBuildFile; productRef = 54F578202BB90F28009683F5 /* FirebaseAuth */; };
/* End PBXBuildFile section */

/* Begin PBXContainerItemProxy section */
		5487CA722BAEBD080070F6C3 /* PBXContainerItemProxy */ = {
			isa = PBXContainerItemProxy;
			containerPortal = 5487CA572BAEBD060070F6C3 /* Project object */;
			proxyType = 1;
			remoteGlobalIDString = 5487CA5E2BAEBD060070F6C3;
			remoteInfo = CoHive;
		};
		5487CA7C2BAEBD080070F6C3 /* PBXContainerItemProxy */ = {
			isa = PBXContainerItemProxy;
			containerPortal = 5487CA572BAEBD060070F6C3 /* Project object */;
			proxyType = 1;
			remoteGlobalIDString = 5487CA5E2BAEBD060070F6C3;
			remoteInfo = CoHive;
		};
/* End PBXContainerItemProxy section */

/* Begin PBXFileReference section */
		2E58762F2BB7F16D00277551 /* FirestoreManager.swift */ = {isa = PBXFileReference; fileEncoding = 4; lastKnownFileType = sourcecode.swift; path = FirestoreManager.swift; sourceTree = "<group>"; };
		2E5876332BB7F1C200277551 /* SignInUsingEmailView.swift */ = {isa = PBXFileReference; fileEncoding = 4; lastKnownFileType = sourcecode.swift; path = SignInUsingEmailView.swift; sourceTree = "<group>"; };
		540E7C822BF81FA800BE0C38 /* ExpensesView.swift */ = {isa = PBXFileReference; lastKnownFileType = sourcecode.swift; path = ExpensesView.swift; sourceTree = "<group>"; };
		540E7C852BF81FDF00BE0C38 /* ExpenseItemView.swift */ = {isa = PBXFileReference; lastKnownFileType = sourcecode.swift; path = ExpenseItemView.swift; sourceTree = "<group>"; };
		540E7C872BF820B100BE0C38 /* Expense.swift */ = {isa = PBXFileReference; lastKnownFileType = sourcecode.swift; path = Expense.swift; sourceTree = "<group>"; };
		540E7C892BF851DE00BE0C38 /* IdentifiableExpense.swift */ = {isa = PBXFileReference; lastKnownFileType = sourcecode.swift; path = IdentifiableExpense.swift; sourceTree = "<group>"; };
		540E7C8B2BF8610700BE0C38 /* AddExpenseView.swift */ = {isa = PBXFileReference; lastKnownFileType = sourcecode.swift; path = AddExpenseView.swift; sourceTree = "<group>"; };
		541C9EE72BEAE8F8009D2E83 /* CoHiveTests.xctest */ = {isa = PBXFileReference; explicitFileType = wrapper.cfbundle; includeInIndex = 0; path = CoHiveTests.xctest; sourceTree = BUILT_PRODUCTS_DIR; };
		541C9EE82BEAE8F8009D2E83 /* CoHiveUITests.xctest */ = {isa = PBXFileReference; explicitFileType = wrapper.cfbundle; includeInIndex = 0; path = CoHiveUITests.xctest; sourceTree = BUILT_PRODUCTS_DIR; };
		541C9EEE2BEC7240009D2E83 /* ProfileView.swift */ = {isa = PBXFileReference; lastKnownFileType = sourcecode.swift; path = ProfileView.swift; sourceTree = "<group>"; };
		541C9EF12BEC736A009D2E83 /* ProfileViewModel.swift */ = {isa = PBXFileReference; lastKnownFileType = sourcecode.swift; path = ProfileViewModel.swift; sourceTree = "<group>"; };
		541C9EF32BEC92A1009D2E83 /* UserManager.swift */ = {isa = PBXFileReference; lastKnownFileType = sourcecode.swift; path = UserManager.swift; sourceTree = "<group>"; };
		541C9EF52BECA051009D2E83 /* CoHiveUser.swift */ = {isa = PBXFileReference; lastKnownFileType = sourcecode.swift; path = CoHiveUser.swift; sourceTree = "<group>"; };
		5444C3392BB6771E00836F33 /* GroupCreate.swift */ = {isa = PBXFileReference; lastKnownFileType = sourcecode.swift; path = GroupCreate.swift; sourceTree = "<group>"; };
		5444C33B2BB6776700836F33 /* GroupDelete.swift */ = {isa = PBXFileReference; lastKnownFileType = sourcecode.swift; path = GroupDelete.swift; sourceTree = "<group>"; };
		5444C33E2BB6780900836F33 /* AddUser.swift */ = {isa = PBXFileReference; lastKnownFileType = sourcecode.swift; path = AddUser.swift; sourceTree = "<group>"; };
		5444C3402BB6782900836F33 /* RemoveUser.swift */ = {isa = PBXFileReference; lastKnownFileType = sourcecode.swift; path = RemoveUser.swift; sourceTree = "<group>"; };
		545EC9ED2BB51C3B00143A64 /* Hive.swift */ = {isa = PBXFileReference; lastKnownFileType = sourcecode.swift; path = Hive.swift; sourceTree = "<group>"; };
		545EC9EF2BB51D0A00143A64 /* Chore.swift */ = {isa = PBXFileReference; lastKnownFileType = sourcecode.swift; path = Chore.swift; sourceTree = "<group>"; };
		548290AE2BBBAF29002BD95D /* Utils.swift */ = {isa = PBXFileReference; lastKnownFileType = sourcecode.swift; path = Utils.swift; sourceTree = "<group>"; };
		548290B02BBBB4D9002BD95D /* AppDelegate.swift */ = {isa = PBXFileReference; lastKnownFileType = sourcecode.swift; path = AppDelegate.swift; sourceTree = "<group>"; };
		548290B22BBC8B4C002BD95D /* RootView.swift */ = {isa = PBXFileReference; lastKnownFileType = sourcecode.swift; path = RootView.swift; sourceTree = "<group>"; };
		548290B42BBC9158002BD95D /* SettingsView.swift */ = {isa = PBXFileReference; lastKnownFileType = sourcecode.swift; path = SettingsView.swift; sourceTree = "<group>"; };
		548290B62BBE14A1002BD95D /* GoogleService-Info.plist */ = {isa = PBXFileReference; fileEncoding = 4; lastKnownFileType = text.plist.xml; path = "GoogleService-Info.plist"; sourceTree = "<group>"; };
		548290B82BBE211D002BD95D /* GIDSignInButton.swift */ = {isa = PBXFileReference; lastKnownFileType = sourcecode.swift; path = GIDSignInButton.swift; sourceTree = "<group>"; };
		548290BD2BBE239D002BD95D /* SignedOutViewModel.swift */ = {isa = PBXFileReference; lastKnownFileType = sourcecode.swift; path = SignedOutViewModel.swift; sourceTree = "<group>"; };
		548290BF2BBE2400002BD95D /* SignInUsingEmailViewModel.swift */ = {isa = PBXFileReference; lastKnownFileType = sourcecode.swift; path = SignInUsingEmailViewModel.swift; sourceTree = "<group>"; };
		548290C12BBE242B002BD95D /* SettingsViewModel.swift */ = {isa = PBXFileReference; lastKnownFileType = sourcecode.swift; path = SettingsViewModel.swift; sourceTree = "<group>"; };
		548290C32BBE2D97002BD95D /* CoHive.app */ = {isa = PBXFileReference; explicitFileType = wrapper.application; includeInIndex = 0; path = CoHive.app; sourceTree = BUILT_PRODUCTS_DIR; };
		548290C52BBE2FBC002BD95D /* SignInUsingGoogleHelper.swift */ = {isa = PBXFileReference; lastKnownFileType = sourcecode.swift; path = SignInUsingGoogleHelper.swift; sourceTree = "<group>"; };
		548290C72BBF710C002BD95D /* CoHive.entitlements */ = {isa = PBXFileReference; lastKnownFileType = text.plist.entitlements; path = CoHive.entitlements; sourceTree = "<group>"; };
		548290C82BC2422C002BD95D /* SignInUsingAppleHelper.swift */ = {isa = PBXFileReference; lastKnownFileType = sourcecode.swift; path = SignInUsingAppleHelper.swift; sourceTree = "<group>"; };
		5483B9562BFDE9E40031C8C3 /* ChoresView.swift */ = {isa = PBXFileReference; lastKnownFileType = sourcecode.swift; path = ChoresView.swift; sourceTree = "<group>"; };
		5483B9582BFDEA390031C8C3 /* ChoreItemView.swift */ = {isa = PBXFileReference; lastKnownFileType = sourcecode.swift; path = ChoreItemView.swift; sourceTree = "<group>"; };
		5483B95A2BFDEA710031C8C3 /* IdentifiableChore.swift */ = {isa = PBXFileReference; lastKnownFileType = sourcecode.swift; path = IdentifiableChore.swift; sourceTree = "<group>"; };
		5483B95D2BFE8D680031C8C3 /* HiveViewModel.swift */ = {isa = PBXFileReference; lastKnownFileType = sourcecode.swift; path = HiveViewModel.swift; sourceTree = "<group>"; };
		5483B9602BFE8DA90031C8C3 /* AddExpenseViewModel.swift */ = {isa = PBXFileReference; lastKnownFileType = sourcecode.swift; path = AddExpenseViewModel.swift; sourceTree = "<group>"; };
		5483B9632BFE8DE80031C8C3 /* ChoresViewModel.swift */ = {isa = PBXFileReference; lastKnownFileType = sourcecode.swift; path = ChoresViewModel.swift; sourceTree = "<group>"; };
		5483B9662BFE96B50031C8C3 /* CreateHiveViewModel.swift */ = {isa = PBXFileReference; lastKnownFileType = sourcecode.swift; path = CreateHiveViewModel.swift; sourceTree = "<group>"; };
		5483B9682BFEA8B50031C8C3 /* SignUpWithEmailView.swift */ = {isa = PBXFileReference; lastKnownFileType = sourcecode.swift; path = SignUpWithEmailView.swift; sourceTree = "<group>"; };
		5483B96C2BFF359B0031C8C3 /* LoadingFiveLinesChronological.swift */ = {isa = PBXFileReference; lastKnownFileType = sourcecode.swift; path = LoadingFiveLinesChronological.swift; sourceTree = "<group>"; };
		5487CA622BAEBD060070F6C3 /* CoHiveApp.swift */ = {isa = PBXFileReference; lastKnownFileType = sourcecode.swift; path = CoHiveApp.swift; sourceTree = "<group>"; };
		5487CA642BAEBD060070F6C3 /* AuthenticationView.swift */ = {isa = PBXFileReference; lastKnownFileType = sourcecode.swift; path = AuthenticationView.swift; sourceTree = "<group>"; };
		5487CA682BAEBD080070F6C3 /* Assets.xcassets */ = {isa = PBXFileReference; lastKnownFileType = folder.assetcatalog; path = Assets.xcassets; sourceTree = "<group>"; };
		5487CA6B2BAEBD080070F6C3 /* Preview Assets.xcassets */ = {isa = PBXFileReference; lastKnownFileType = folder.assetcatalog; path = "Preview Assets.xcassets"; sourceTree = "<group>"; };
		5487CA752BAEBD080070F6C3 /* CoHiveTests.swift */ = {isa = PBXFileReference; lastKnownFileType = sourcecode.swift; path = CoHiveTests.swift; sourceTree = "<group>"; };
		5487CA7F2BAEBD080070F6C3 /* CoHiveUITests.swift */ = {isa = PBXFileReference; lastKnownFileType = sourcecode.swift; path = CoHiveUITests.swift; sourceTree = "<group>"; };
		5487CA812BAEBD080070F6C3 /* CoHiveUITestsLaunchTests.swift */ = {isa = PBXFileReference; lastKnownFileType = sourcecode.swift; path = CoHiveUITestsLaunchTests.swift; sourceTree = "<group>"; };
		5490890D2BB043EB004327AD /* .gitignore */ = {isa = PBXFileReference; lastKnownFileType = text; path = .gitignore; sourceTree = "<group>"; };
		54C0CA9D2BB53DED00E9267A /* Info.plist */ = {isa = PBXFileReference; lastKnownFileType = text.plist.xml; path = Info.plist; sourceTree = "<group>"; };
		54C0CAA12BB5518C00E9267A /* RegisterView.swift */ = {isa = PBXFileReference; lastKnownFileType = sourcecode.swift; path = RegisterView.swift; sourceTree = "<group>"; };
		54E0A2042BB53A45002009B0 /* JosefinSans.ttf */ = {isa = PBXFileReference; lastKnownFileType = file; path = JosefinSans.ttf; sourceTree = "<group>"; };
		54EC2C582BF5CADF008018C0 /* NameNewHiveView.swift */ = {isa = PBXFileReference; lastKnownFileType = sourcecode.swift; path = NameNewHiveView.swift; sourceTree = "<group>"; };
		54EC2C5A2BF5CE12008018C0 /* HiveView.swift */ = {isa = PBXFileReference; lastKnownFileType = sourcecode.swift; path = HiveView.swift; sourceTree = "<group>"; };
		54EC2C5C2BF5CFF8008018C0 /* HiveManager.swift */ = {isa = PBXFileReference; lastKnownFileType = sourcecode.swift; path = HiveManager.swift; sourceTree = "<group>"; };
		54EC2C5E2BF5DA42008018C0 /* HiveCreationRedirectView.swift */ = {isa = PBXFileReference; lastKnownFileType = sourcecode.swift; path = HiveCreationRedirectView.swift; sourceTree = "<group>"; };
		54EF59032BFDC17800A52F40 /* CreateHiveView.swift */ = {isa = PBXFileReference; lastKnownFileType = sourcecode.swift; path = CreateHiveView.swift; sourceTree = "<group>"; };
/* End PBXFileReference section */

/* Begin PBXFrameworksBuildPhase section */
		5487CA5C2BAEBD060070F6C3 /* Frameworks */ = {
			isa = PBXFrameworksBuildPhase;
			buildActionMask = 2147483647;
			files = (
				548290AA2BBA2114002BD95D /* GoogleSignIn in Frameworks */,
				54F5781A2BB90E28009683F5 /* FirebaseAnalyticsSwift in Frameworks */,
				54A7C1CB2BB90B3B00DCD200 /* FirebaseAnalytics in Frameworks */,
				541C9EEB2BEB2C26009D2E83 /* FirebaseFirestoreSwift in Frameworks */,
				548290AC2BBA2114002BD95D /* GoogleSignInSwift in Frameworks */,
				54F5781D2BB90E9F009683F5 /* FirebaseFirestore in Frameworks */,
				54F578212BB90F28009683F5 /* FirebaseAuth in Frameworks */,
			);
			runOnlyForDeploymentPostprocessing = 0;
		};
		5487CA6E2BAEBD080070F6C3 /* Frameworks */ = {
			isa = PBXFrameworksBuildPhase;
			buildActionMask = 2147483647;
			files = (
			);
			runOnlyForDeploymentPostprocessing = 0;
		};
		5487CA782BAEBD080070F6C3 /* Frameworks */ = {
			isa = PBXFrameworksBuildPhase;
			buildActionMask = 2147483647;
			files = (
			);
			runOnlyForDeploymentPostprocessing = 0;
		};
/* End PBXFrameworksBuildPhase section */

/* Begin PBXGroup section */
		540E7C842BF81FCC00BE0C38 /* Expenses */ = {
			isa = PBXGroup;
			children = (
				540E7C822BF81FA800BE0C38 /* ExpensesView.swift */,
				540E7C852BF81FDF00BE0C38 /* ExpenseItemView.swift */,
				540E7C8B2BF8610700BE0C38 /* AddExpenseView.swift */,
			);
			path = Expenses;
			sourceTree = "<group>";
		};
		541C9EE92BEB2C26009D2E83 /* Frameworks */ = {
			isa = PBXGroup;
			children = (
			);
			name = Frameworks;
			sourceTree = "<group>";
		};
		541C9EEC2BEC6FF8009D2E83 /* Core */ = {
			isa = PBXGroup;
			children = (
				548290B22BBC8B4C002BD95D /* RootView.swift */,
			);
			path = Core;
			sourceTree = "<group>";
		};
		541C9EED2BEC7235009D2E83 /* ProfileViews */ = {
			isa = PBXGroup;
			children = (
				541C9EEE2BEC7240009D2E83 /* ProfileView.swift */,
			);
			path = ProfileViews;
			sourceTree = "<group>";
		};
		541C9EF02BEC735C009D2E83 /* ProfileViewModels */ = {
			isa = PBXGroup;
			children = (
				548290C12BBE242B002BD95D /* SettingsViewModel.swift */,
				541C9EF12BEC736A009D2E83 /* ProfileViewModel.swift */,
			);
			path = ProfileViewModels;
			sourceTree = "<group>";
		};
		5444C3292BB62B1B00836F33 /* SessionViews */ = {
			isa = PBXGroup;
			children = (
				5444C32B2BB62D7C00836F33 /* HiveViews */,
				5444C32A2BB62D5400836F33 /* NoHiveViews */,
				548290B42BBC9158002BD95D /* SettingsView.swift */,
			);
			path = SessionViews;
			sourceTree = "<group>";
		};
		5444C32A2BB62D5400836F33 /* NoHiveViews */ = {
			isa = PBXGroup;
			children = (
				54EC2C582BF5CADF008018C0 /* NameNewHiveView.swift */,
				54EC2C5E2BF5DA42008018C0 /* HiveCreationRedirectView.swift */,
				54EF59032BFDC17800A52F40 /* CreateHiveView.swift */,
			);
			path = NoHiveViews;
			sourceTree = "<group>";
		};
		5444C32B2BB62D7C00836F33 /* HiveViews */ = {
			isa = PBXGroup;
			children = (
				5483B9552BFDE9D90031C8C3 /* Chores */,
				540E7C842BF81FCC00BE0C38 /* Expenses */,
				54EC2C5A2BF5CE12008018C0 /* HiveView.swift */,
			);
			path = HiveViews;
			sourceTree = "<group>";
		};
		5444C3372BB676D700836F33 /* Groups */ = {
			isa = PBXGroup;
			children = (
				5444C33D2BB677B900836F33 /* AddRemoveUser */,
				5444C3382BB676FB00836F33 /* CreateDelete */,
			);
			path = Groups;
			sourceTree = "<group>";
		};
		5444C3382BB676FB00836F33 /* CreateDelete */ = {
			isa = PBXGroup;
			children = (
				5444C3392BB6771E00836F33 /* GroupCreate.swift */,
				5444C33B2BB6776700836F33 /* GroupDelete.swift */,
			);
			path = CreateDelete;
			sourceTree = "<group>";
		};
		5444C33D2BB677B900836F33 /* AddRemoveUser */ = {
			isa = PBXGroup;
			children = (
				5444C33E2BB6780900836F33 /* AddUser.swift */,
				5444C3402BB6782900836F33 /* RemoveUser.swift */,
			);
			path = AddRemoveUser;
			sourceTree = "<group>";
		};
		545EC9E82BB517FC00143A64 /* Views */ = {
			isa = PBXGroup;
			children = (
				5483B96B2BFF35860031C8C3 /* Animation */,
				541C9EED2BEC7235009D2E83 /* ProfileViews */,
				5444C3292BB62B1B00836F33 /* SessionViews */,
				54E0A1FE2BB53981002009B0 /* AuthenticationViews */,
			);
			path = Views;
			sourceTree = "<group>";
		};
		545EC9E92BB5182600143A64 /* Models */ = {
			isa = PBXGroup;
			children = (
				545EC9ED2BB51C3B00143A64 /* Hive.swift */,
				540E7C892BF851DE00BE0C38 /* IdentifiableExpense.swift */,
				545EC9EF2BB51D0A00143A64 /* Chore.swift */,
				541C9EF52BECA051009D2E83 /* CoHiveUser.swift */,
				540E7C872BF820B100BE0C38 /* Expense.swift */,
				5483B95A2BFDEA710031C8C3 /* IdentifiableChore.swift */,
			);
			path = Models;
			sourceTree = "<group>";
		};
		545EC9EA2BB5182E00143A64 /* Managers */ = {
			isa = PBXGroup;
			children = (
				5444C3372BB676D700836F33 /* Groups */,
				5487CA622BAEBD060070F6C3 /* CoHiveApp.swift */,
				2E58762F2BB7F16D00277551 /* FirestoreManager.swift */,
				548290B02BBBB4D9002BD95D /* AppDelegate.swift */,
				541C9EF32BEC92A1009D2E83 /* UserManager.swift */,
				54EC2C5C2BF5CFF8008018C0 /* HiveManager.swift */,
			);
			path = Managers;
			sourceTree = "<group>";
		};
		548290AD2BBBAF1E002BD95D /* Utils */ = {
			isa = PBXGroup;
			children = (
				548290AE2BBBAF29002BD95D /* Utils.swift */,
			);
			path = Utils;
			sourceTree = "<group>";
		};
		548290BC2BBE237D002BD95D /* ViewModels */ = {
			isa = PBXGroup;
			children = (
				5483B9652BFE96A80031C8C3 /* NoHiveViewModels */,
				5483B95C2BFE8D050031C8C3 /* HiveViewModels */,
				541C9EF02BEC735C009D2E83 /* ProfileViewModels */,
				548290C42BBE2F9F002BD95D /* AuthenticationViewModels */,
			);
			path = ViewModels;
			sourceTree = "<group>";
		};
		548290C42BBE2F9F002BD95D /* AuthenticationViewModels */ = {
			isa = PBXGroup;
			children = (
				548290BF2BBE2400002BD95D /* SignInUsingEmailViewModel.swift */,
				548290BD2BBE239D002BD95D /* SignedOutViewModel.swift */,
				548290C52BBE2FBC002BD95D /* SignInUsingGoogleHelper.swift */,
				548290C82BC2422C002BD95D /* SignInUsingAppleHelper.swift */,
			);
			path = AuthenticationViewModels;
			sourceTree = "<group>";
		};
		5483B9552BFDE9D90031C8C3 /* Chores */ = {
			isa = PBXGroup;
			children = (
				5483B9562BFDE9E40031C8C3 /* ChoresView.swift */,
				5483B9582BFDEA390031C8C3 /* ChoreItemView.swift */,
			);
			path = Chores;
			sourceTree = "<group>";
		};
		5483B95C2BFE8D050031C8C3 /* HiveViewModels */ = {
			isa = PBXGroup;
			children = (
				5483B9622BFE8DD90031C8C3 /* ChoreViewModels */,
				5483B95F2BFE8DA10031C8C3 /* ExpenseViewModels */,
				5483B95D2BFE8D680031C8C3 /* HiveViewModel.swift */,
			);
			path = HiveViewModels;
			sourceTree = "<group>";
		};
		5483B95F2BFE8DA10031C8C3 /* ExpenseViewModels */ = {
			isa = PBXGroup;
			children = (
				5483B9602BFE8DA90031C8C3 /* AddExpenseViewModel.swift */,
			);
			path = ExpenseViewModels;
			sourceTree = "<group>";
		};
		5483B9622BFE8DD90031C8C3 /* ChoreViewModels */ = {
			isa = PBXGroup;
			children = (
				5483B9632BFE8DE80031C8C3 /* ChoresViewModel.swift */,
			);
			path = ChoreViewModels;
			sourceTree = "<group>";
		};
		5483B9652BFE96A80031C8C3 /* NoHiveViewModels */ = {
			isa = PBXGroup;
			children = (
				5483B9662BFE96B50031C8C3 /* CreateHiveViewModel.swift */,
			);
			path = NoHiveViewModels;
			sourceTree = "<group>";
		};
		5483B96B2BFF35860031C8C3 /* Animation */ = {
			isa = PBXGroup;
			children = (
				5483B96C2BFF359B0031C8C3 /* LoadingFiveLinesChronological.swift */,
			);
			path = Animation;
			sourceTree = "<group>";
		};
		5487CA562BAEBD060070F6C3 = {
			isa = PBXGroup;
			children = (
				548290B62BBE14A1002BD95D /* GoogleService-Info.plist */,
				5490890D2BB043EB004327AD /* .gitignore */,
				5487CA612BAEBD060070F6C3 /* CoHive */,
				5487CA742BAEBD080070F6C3 /* CoHiveTests */,
				5487CA7E2BAEBD080070F6C3 /* CoHiveUITests */,
				548290C32BBE2D97002BD95D /* CoHive.app */,
				541C9EE72BEAE8F8009D2E83 /* CoHiveTests.xctest */,
				541C9EE82BEAE8F8009D2E83 /* CoHiveUITests.xctest */,
				541C9EE92BEB2C26009D2E83 /* Frameworks */,
			);
			sourceTree = "<group>";
		};
		5487CA612BAEBD060070F6C3 /* CoHive */ = {
			isa = PBXGroup;
			children = (
				541C9EEC2BEC6FF8009D2E83 /* Core */,
				548290C72BBF710C002BD95D /* CoHive.entitlements */,
				54C0CA9D2BB53DED00E9267A /* Info.plist */,
				548290BC2BBE237D002BD95D /* ViewModels */,
				548290AD2BBBAF1E002BD95D /* Utils */,
				54E0A2022BB53A16002009B0 /* Resources */,
				545EC9EA2BB5182E00143A64 /* Managers */,
				545EC9E92BB5182600143A64 /* Models */,
				545EC9E82BB517FC00143A64 /* Views */,
				5487CA6A2BAEBD080070F6C3 /* Preview Content */,
			);
			path = CoHive;
			sourceTree = "<group>";
		};
		5487CA6A2BAEBD080070F6C3 /* Preview Content */ = {
			isa = PBXGroup;
			children = (
				5487CA6B2BAEBD080070F6C3 /* Preview Assets.xcassets */,
			);
			path = "Preview Content";
			sourceTree = "<group>";
		};
		5487CA742BAEBD080070F6C3 /* CoHiveTests */ = {
			isa = PBXGroup;
			children = (
				5487CA752BAEBD080070F6C3 /* CoHiveTests.swift */,
			);
			path = CoHiveTests;
			sourceTree = "<group>";
		};
		5487CA7E2BAEBD080070F6C3 /* CoHiveUITests */ = {
			isa = PBXGroup;
			children = (
				5487CA7F2BAEBD080070F6C3 /* CoHiveUITests.swift */,
				5487CA812BAEBD080070F6C3 /* CoHiveUITestsLaunchTests.swift */,
			);
			path = CoHiveUITests;
			sourceTree = "<group>";
		};
		54C0CAA02BB5516E00E9267A /* LoginOptions */ = {
			isa = PBXGroup;
			children = (
				54C0CAA12BB5518C00E9267A /* RegisterView.swift */,
				548290B82BBE211D002BD95D /* GIDSignInButton.swift */,
			);
			path = LoginOptions;
			sourceTree = "<group>";
		};
		54E0A1FE2BB53981002009B0 /* AuthenticationViews */ = {
			isa = PBXGroup;
			children = (
				54C0CAA02BB5516E00E9267A /* LoginOptions */,
				5487CA642BAEBD060070F6C3 /* AuthenticationView.swift */,
				2E5876332BB7F1C200277551 /* SignInUsingEmailView.swift */,
				5483B9682BFEA8B50031C8C3 /* SignUpWithEmailView.swift */,
			);
			path = AuthenticationViews;
			sourceTree = "<group>";
		};
		54E0A2022BB53A16002009B0 /* Resources */ = {
			isa = PBXGroup;
			children = (
				5487CA682BAEBD080070F6C3 /* Assets.xcassets */,
				54E0A2032BB53A1D002009B0 /* Fonts */,
			);
			path = Resources;
			sourceTree = "<group>";
		};
		54E0A2032BB53A1D002009B0 /* Fonts */ = {
			isa = PBXGroup;
			children = (
				54E0A2042BB53A45002009B0 /* JosefinSans.ttf */,
			);
			path = Fonts;
			sourceTree = "<group>";
		};
/* End PBXGroup section */

/* Begin PBXNativeTarget section */
		5487CA5E2BAEBD060070F6C3 /* CoHive */ = {
			isa = PBXNativeTarget;
			buildConfigurationList = 5487CA852BAEBD080070F6C3 /* Build configuration list for PBXNativeTarget "CoHive" */;
			buildPhases = (
				5487CA5B2BAEBD060070F6C3 /* Sources */,
				5487CA5C2BAEBD060070F6C3 /* Frameworks */,
				5487CA5D2BAEBD060070F6C3 /* Resources */,
			);
			buildRules = (
			);
			dependencies = (
			);
			name = CoHive;
			packageProductDependencies = (
				54A7C1CA2BB90B3B00DCD200 /* FirebaseAnalytics */,
				54F578192BB90E28009683F5 /* FirebaseAnalyticsSwift */,
				54F5781C2BB90E9F009683F5 /* FirebaseFirestore */,
				54F578202BB90F28009683F5 /* FirebaseAuth */,
				548290A92BBA2114002BD95D /* GoogleSignIn */,
				548290AB2BBA2114002BD95D /* GoogleSignInSwift */,
				541C9EEA2BEB2C26009D2E83 /* FirebaseFirestoreSwift */,
			);
			productName = CoHive;
			productReference = 548290C32BBE2D97002BD95D /* CoHive.app */;
			productType = "com.apple.product-type.application";
		};
		5487CA702BAEBD080070F6C3 /* CoHiveTests */ = {
			isa = PBXNativeTarget;
			buildConfigurationList = 5487CA882BAEBD080070F6C3 /* Build configuration list for PBXNativeTarget "CoHiveTests" */;
			buildPhases = (
				5487CA6D2BAEBD080070F6C3 /* Sources */,
				5487CA6E2BAEBD080070F6C3 /* Frameworks */,
				5487CA6F2BAEBD080070F6C3 /* Resources */,
			);
			buildRules = (
			);
			dependencies = (
				5487CA732BAEBD080070F6C3 /* PBXTargetDependency */,
			);
			name = CoHiveTests;
			productName = CoHiveTests;
			productReference = 541C9EE72BEAE8F8009D2E83 /* CoHiveTests.xctest */;
			productType = "com.apple.product-type.bundle.unit-test";
		};
		5487CA7A2BAEBD080070F6C3 /* CoHiveUITests */ = {
			isa = PBXNativeTarget;
			buildConfigurationList = 5487CA8B2BAEBD080070F6C3 /* Build configuration list for PBXNativeTarget "CoHiveUITests" */;
			buildPhases = (
				5487CA772BAEBD080070F6C3 /* Sources */,
				5487CA782BAEBD080070F6C3 /* Frameworks */,
				5487CA792BAEBD080070F6C3 /* Resources */,
			);
			buildRules = (
			);
			dependencies = (
				5487CA7D2BAEBD080070F6C3 /* PBXTargetDependency */,
			);
			name = CoHiveUITests;
			productName = CoHiveUITests;
			productReference = 541C9EE82BEAE8F8009D2E83 /* CoHiveUITests.xctest */;
			productType = "com.apple.product-type.bundle.ui-testing";
		};
/* End PBXNativeTarget section */

/* Begin PBXProject section */
		5487CA572BAEBD060070F6C3 /* Project object */ = {
			isa = PBXProject;
			attributes = {
				BuildIndependentTargetsInParallel = 1;
				LastSwiftUpdateCheck = 1500;
				LastUpgradeCheck = 1500;
				TargetAttributes = {
					5487CA5E2BAEBD060070F6C3 = {
						CreatedOnToolsVersion = 15.0.1;
					};
					5487CA702BAEBD080070F6C3 = {
						CreatedOnToolsVersion = 15.0.1;
						TestTargetID = 5487CA5E2BAEBD060070F6C3;
					};
					5487CA7A2BAEBD080070F6C3 = {
						CreatedOnToolsVersion = 15.0.1;
						TestTargetID = 5487CA5E2BAEBD060070F6C3;
					};
				};
			};
			buildConfigurationList = 5487CA5A2BAEBD060070F6C3 /* Build configuration list for PBXProject "CoHive" */;
			compatibilityVersion = "Xcode 14.0";
			developmentRegion = en;
			hasScannedForEncodings = 0;
			knownRegions = (
				en,
				Base,
			);
			mainGroup = 5487CA562BAEBD060070F6C3;
			packageReferences = (
				54A7C1C92BB90B3B00DCD200 /* XCRemoteSwiftPackageReference "firebase-ios-sdk" */,
				548290A82BBA2114002BD95D /* XCRemoteSwiftPackageReference "GoogleSignIn-iOS" */,
			);
			productRefGroup = 5487CA562BAEBD060070F6C3;
			projectDirPath = "";
			projectRoot = "";
			targets = (
				5487CA5E2BAEBD060070F6C3 /* CoHive */,
				5487CA702BAEBD080070F6C3 /* CoHiveTests */,
				5487CA7A2BAEBD080070F6C3 /* CoHiveUITests */,
			);
		};
/* End PBXProject section */

/* Begin PBXResourcesBuildPhase section */
		5487CA5D2BAEBD060070F6C3 /* Resources */ = {
			isa = PBXResourcesBuildPhase;
			buildActionMask = 2147483647;
			files = (
				5490890E2BB043EB004327AD /* .gitignore in Resources */,
				5487CA6C2BAEBD080070F6C3 /* Preview Assets.xcassets in Resources */,
				548290B72BBE14A1002BD95D /* GoogleService-Info.plist in Resources */,
				54E0A2052BB53A45002009B0 /* JosefinSans.ttf in Resources */,
				5487CA692BAEBD080070F6C3 /* Assets.xcassets in Resources */,
			);
			runOnlyForDeploymentPostprocessing = 0;
		};
		5487CA6F2BAEBD080070F6C3 /* Resources */ = {
			isa = PBXResourcesBuildPhase;
			buildActionMask = 2147483647;
			files = (
			);
			runOnlyForDeploymentPostprocessing = 0;
		};
		5487CA792BAEBD080070F6C3 /* Resources */ = {
			isa = PBXResourcesBuildPhase;
			buildActionMask = 2147483647;
			files = (
			);
			runOnlyForDeploymentPostprocessing = 0;
		};
/* End PBXResourcesBuildPhase section */

/* Begin PBXSourcesBuildPhase section */
		5487CA5B2BAEBD060070F6C3 /* Sources */ = {
			isa = PBXSourcesBuildPhase;
			buildActionMask = 2147483647;
			files = (
				540E7C8C2BF8610700BE0C38 /* AddExpenseView.swift in Sources */,
				548290B52BBC9158002BD95D /* SettingsView.swift in Sources */,
				5444C33C2BB6776800836F33 /* GroupDelete.swift in Sources */,
				5483B95B2BFDEA710031C8C3 /* IdentifiableChore.swift in Sources */,
				540E7C832BF81FA800BE0C38 /* ExpensesView.swift in Sources */,
				54EC2C5F2BF5DA42008018C0 /* HiveCreationRedirectView.swift in Sources */,
				541C9EF42BEC92A1009D2E83 /* UserManager.swift in Sources */,
				548290BE2BBE239D002BD95D /* SignedOutViewModel.swift in Sources */,
				5483B9642BFE8DE80031C8C3 /* ChoresViewModel.swift in Sources */,
				54EC2C5D2BF5CFF8008018C0 /* HiveManager.swift in Sources */,
				540E7C882BF820B100BE0C38 /* Expense.swift in Sources */,
				541C9EF62BECA051009D2E83 /* CoHiveUser.swift in Sources */,
				5487CA652BAEBD060070F6C3 /* AuthenticationView.swift in Sources */,
				548290B92BBE211D002BD95D /* GIDSignInButton.swift in Sources */,
				5483B9612BFE8DA90031C8C3 /* AddExpenseViewModel.swift in Sources */,
				548290C62BBE2FBC002BD95D /* SignInUsingGoogleHelper.swift in Sources */,
				545EC9F02BB51D0A00143A64 /* Chore.swift in Sources */,
				54EC2C592BF5CADF008018C0 /* NameNewHiveView.swift in Sources */,
				5483B95E2BFE8D680031C8C3 /* HiveViewModel.swift in Sources */,
				541C9EF22BEC736A009D2E83 /* ProfileViewModel.swift in Sources */,
				5483B9672BFE96B50031C8C3 /* CreateHiveViewModel.swift in Sources */,
				548290C02BBE2400002BD95D /* SignInUsingEmailViewModel.swift in Sources */,
				5483B9692BFEA8B50031C8C3 /* SignUpWithEmailView.swift in Sources */,
				5483B9592BFDEA390031C8C3 /* ChoreItemView.swift in Sources */,
				2E5876302BB7F16D00277551 /* FirestoreManager.swift in Sources */,
				5483B96D2BFF359B0031C8C3 /* LoadingFiveLinesChronological.swift in Sources */,
				54EC2C5B2BF5CE12008018C0 /* HiveView.swift in Sources */,
				548290B32BBC8B4C002BD95D /* RootView.swift in Sources */,
				5444C33F2BB6780900836F33 /* AddUser.swift in Sources */,
				54C0CAA22BB5518C00E9267A /* RegisterView.swift in Sources */,
				2E5876342BB7F1C300277551 /* SignInUsingEmailView.swift in Sources */,
				5483B9572BFDE9E40031C8C3 /* ChoresView.swift in Sources */,
				5444C33A2BB6771E00836F33 /* GroupCreate.swift in Sources */,
				548290AF2BBBAF29002BD95D /* Utils.swift in Sources */,
				541C9EEF2BEC7240009D2E83 /* ProfileView.swift in Sources */,
				5444C3412BB6782900836F33 /* RemoveUser.swift in Sources */,
				5487CA632BAEBD060070F6C3 /* CoHiveApp.swift in Sources */,
				548290B12BBBB4D9002BD95D /* AppDelegate.swift in Sources */,
				545EC9EE2BB51C3B00143A64 /* Hive.swift in Sources */,
				54EF59042BFDC17800A52F40 /* CreateHiveView.swift in Sources */,
				540E7C8A2BF851DE00BE0C38 /* IdentifiableExpense.swift in Sources */,
				548290C22BBE242B002BD95D /* SettingsViewModel.swift in Sources */,
				540E7C862BF81FDF00BE0C38 /* ExpenseItemView.swift in Sources */,
				548290C92BC2422C002BD95D /* SignInUsingAppleHelper.swift in Sources */,
			);
			runOnlyForDeploymentPostprocessing = 0;
		};
		5487CA6D2BAEBD080070F6C3 /* Sources */ = {
			isa = PBXSourcesBuildPhase;
			buildActionMask = 2147483647;
			files = (
				5487CA762BAEBD080070F6C3 /* CoHiveTests.swift in Sources */,
			);
			runOnlyForDeploymentPostprocessing = 0;
		};
		5487CA772BAEBD080070F6C3 /* Sources */ = {
			isa = PBXSourcesBuildPhase;
			buildActionMask = 2147483647;
			files = (
				5487CA822BAEBD080070F6C3 /* CoHiveUITestsLaunchTests.swift in Sources */,
				5487CA802BAEBD080070F6C3 /* CoHiveUITests.swift in Sources */,
			);
			runOnlyForDeploymentPostprocessing = 0;
		};
/* End PBXSourcesBuildPhase section */

/* Begin PBXTargetDependency section */
		5487CA732BAEBD080070F6C3 /* PBXTargetDependency */ = {
			isa = PBXTargetDependency;
			target = 5487CA5E2BAEBD060070F6C3 /* CoHive */;
			targetProxy = 5487CA722BAEBD080070F6C3 /* PBXContainerItemProxy */;
		};
		5487CA7D2BAEBD080070F6C3 /* PBXTargetDependency */ = {
			isa = PBXTargetDependency;
			target = 5487CA5E2BAEBD060070F6C3 /* CoHive */;
			targetProxy = 5487CA7C2BAEBD080070F6C3 /* PBXContainerItemProxy */;
		};
/* End PBXTargetDependency section */

/* Begin XCBuildConfiguration section */
		5487CA832BAEBD080070F6C3 /* Debug */ = {
			isa = XCBuildConfiguration;
			buildSettings = {
				ALWAYS_SEARCH_USER_PATHS = NO;
				ASSETCATALOG_COMPILER_GENERATE_SWIFT_ASSET_SYMBOL_EXTENSIONS = YES;
				CLANG_ANALYZER_NONNULL = YES;
				CLANG_ANALYZER_NUMBER_OBJECT_CONVERSION = YES_AGGRESSIVE;
				CLANG_CXX_LANGUAGE_STANDARD = "gnu++20";
				CLANG_ENABLE_MODULES = YES;
				CLANG_ENABLE_OBJC_ARC = YES;
				CLANG_ENABLE_OBJC_WEAK = YES;
				CLANG_WARN_BLOCK_CAPTURE_AUTORELEASING = YES;
				CLANG_WARN_BOOL_CONVERSION = YES;
				CLANG_WARN_COMMA = YES;
				CLANG_WARN_CONSTANT_CONVERSION = YES;
				CLANG_WARN_DEPRECATED_OBJC_IMPLEMENTATIONS = YES;
				CLANG_WARN_DIRECT_OBJC_ISA_USAGE = YES_ERROR;
				CLANG_WARN_DOCUMENTATION_COMMENTS = YES;
				CLANG_WARN_EMPTY_BODY = YES;
				CLANG_WARN_ENUM_CONVERSION = YES;
				CLANG_WARN_INFINITE_RECURSION = YES;
				CLANG_WARN_INT_CONVERSION = YES;
				CLANG_WARN_NON_LITERAL_NULL_CONVERSION = YES;
				CLANG_WARN_OBJC_IMPLICIT_RETAIN_SELF = YES;
				CLANG_WARN_OBJC_LITERAL_CONVERSION = YES;
				CLANG_WARN_OBJC_ROOT_CLASS = YES_ERROR;
				CLANG_WARN_QUOTED_INCLUDE_IN_FRAMEWORK_HEADER = YES;
				CLANG_WARN_RANGE_LOOP_ANALYSIS = YES;
				CLANG_WARN_STRICT_PROTOTYPES = YES;
				CLANG_WARN_SUSPICIOUS_MOVE = YES;
				CLANG_WARN_UNGUARDED_AVAILABILITY = YES_AGGRESSIVE;
				CLANG_WARN_UNREACHABLE_CODE = YES;
				CLANG_WARN__DUPLICATE_METHOD_MATCH = YES;
				COPY_PHASE_STRIP = NO;
				DEBUG_INFORMATION_FORMAT = dwarf;
				ENABLE_STRICT_OBJC_MSGSEND = YES;
				ENABLE_TESTABILITY = YES;
				ENABLE_USER_SCRIPT_SANDBOXING = YES;
				GCC_C_LANGUAGE_STANDARD = gnu17;
				GCC_DYNAMIC_NO_PIC = NO;
				GCC_NO_COMMON_BLOCKS = YES;
				GCC_OPTIMIZATION_LEVEL = 0;
				GCC_PREPROCESSOR_DEFINITIONS = (
					"DEBUG=1",
					"$(inherited)",
				);
				GCC_WARN_64_TO_32_BIT_CONVERSION = YES;
				GCC_WARN_ABOUT_RETURN_TYPE = YES_ERROR;
				GCC_WARN_UNDECLARED_SELECTOR = YES;
				GCC_WARN_UNINITIALIZED_AUTOS = YES_AGGRESSIVE;
				GCC_WARN_UNUSED_FUNCTION = YES;
				GCC_WARN_UNUSED_VARIABLE = YES;
				IPHONEOS_DEPLOYMENT_TARGET = 17.0;
				LOCALIZATION_PREFERS_STRING_CATALOGS = YES;
				MTL_ENABLE_DEBUG_INFO = INCLUDE_SOURCE;
				MTL_FAST_MATH = YES;
				ONLY_ACTIVE_ARCH = YES;
				SDKROOT = iphoneos;
				SWIFT_ACTIVE_COMPILATION_CONDITIONS = "DEBUG $(inherited)";
				SWIFT_OPTIMIZATION_LEVEL = "-Onone";
			};
			name = Debug;
		};
		5487CA842BAEBD080070F6C3 /* Release */ = {
			isa = XCBuildConfiguration;
			buildSettings = {
				ALWAYS_SEARCH_USER_PATHS = NO;
				ASSETCATALOG_COMPILER_GENERATE_SWIFT_ASSET_SYMBOL_EXTENSIONS = YES;
				CLANG_ANALYZER_NONNULL = YES;
				CLANG_ANALYZER_NUMBER_OBJECT_CONVERSION = YES_AGGRESSIVE;
				CLANG_CXX_LANGUAGE_STANDARD = "gnu++20";
				CLANG_ENABLE_MODULES = YES;
				CLANG_ENABLE_OBJC_ARC = YES;
				CLANG_ENABLE_OBJC_WEAK = YES;
				CLANG_WARN_BLOCK_CAPTURE_AUTORELEASING = YES;
				CLANG_WARN_BOOL_CONVERSION = YES;
				CLANG_WARN_COMMA = YES;
				CLANG_WARN_CONSTANT_CONVERSION = YES;
				CLANG_WARN_DEPRECATED_OBJC_IMPLEMENTATIONS = YES;
				CLANG_WARN_DIRECT_OBJC_ISA_USAGE = YES_ERROR;
				CLANG_WARN_DOCUMENTATION_COMMENTS = YES;
				CLANG_WARN_EMPTY_BODY = YES;
				CLANG_WARN_ENUM_CONVERSION = YES;
				CLANG_WARN_INFINITE_RECURSION = YES;
				CLANG_WARN_INT_CONVERSION = YES;
				CLANG_WARN_NON_LITERAL_NULL_CONVERSION = YES;
				CLANG_WARN_OBJC_IMPLICIT_RETAIN_SELF = YES;
				CLANG_WARN_OBJC_LITERAL_CONVERSION = YES;
				CLANG_WARN_OBJC_ROOT_CLASS = YES_ERROR;
				CLANG_WARN_QUOTED_INCLUDE_IN_FRAMEWORK_HEADER = YES;
				CLANG_WARN_RANGE_LOOP_ANALYSIS = YES;
				CLANG_WARN_STRICT_PROTOTYPES = YES;
				CLANG_WARN_SUSPICIOUS_MOVE = YES;
				CLANG_WARN_UNGUARDED_AVAILABILITY = YES_AGGRESSIVE;
				CLANG_WARN_UNREACHABLE_CODE = YES;
				CLANG_WARN__DUPLICATE_METHOD_MATCH = YES;
				COPY_PHASE_STRIP = NO;
				DEBUG_INFORMATION_FORMAT = "dwarf-with-dsym";
				ENABLE_NS_ASSERTIONS = NO;
				ENABLE_STRICT_OBJC_MSGSEND = YES;
				ENABLE_USER_SCRIPT_SANDBOXING = YES;
				GCC_C_LANGUAGE_STANDARD = gnu17;
				GCC_NO_COMMON_BLOCKS = YES;
				GCC_WARN_64_TO_32_BIT_CONVERSION = YES;
				GCC_WARN_ABOUT_RETURN_TYPE = YES_ERROR;
				GCC_WARN_UNDECLARED_SELECTOR = YES;
				GCC_WARN_UNINITIALIZED_AUTOS = YES_AGGRESSIVE;
				GCC_WARN_UNUSED_FUNCTION = YES;
				GCC_WARN_UNUSED_VARIABLE = YES;
				IPHONEOS_DEPLOYMENT_TARGET = 17.0;
				LOCALIZATION_PREFERS_STRING_CATALOGS = YES;
				MTL_ENABLE_DEBUG_INFO = NO;
				MTL_FAST_MATH = YES;
				SDKROOT = iphoneos;
				SWIFT_COMPILATION_MODE = wholemodule;
				VALIDATE_PRODUCT = YES;
			};
			name = Release;
		};
		5487CA862BAEBD080070F6C3 /* Debug */ = {
			isa = XCBuildConfiguration;
			buildSettings = {
				ASSETCATALOG_COMPILER_APPICON_NAME = AppIcon;
				ASSETCATALOG_COMPILER_GLOBAL_ACCENT_COLOR_NAME = AccentColor;
				CODE_SIGN_ENTITLEMENTS = CoHive/CoHive.entitlements;
				CODE_SIGN_STYLE = Automatic;
				CURRENT_PROJECT_VERSION = 1;
				DEVELOPMENT_ASSET_PATHS = "\"CoHive/Preview Content\"";
				DEVELOPMENT_TEAM = NNB4J65357;
				ENABLE_PREVIEWS = YES;
				GENERATE_INFOPLIST_FILE = YES;
				INFOPLIST_FILE = CoHive/Info.plist;
				INFOPLIST_KEY_LSApplicationCategoryType = "";
				INFOPLIST_KEY_UIApplicationSceneManifest_Generation = YES;
				INFOPLIST_KEY_UIApplicationSupportsIndirectInputEvents = YES;
				INFOPLIST_KEY_UILaunchScreen_Generation = YES;
				INFOPLIST_KEY_UISupportedInterfaceOrientations_iPad = "UIInterfaceOrientationPortrait UIInterfaceOrientationPortraitUpsideDown UIInterfaceOrientationLandscapeLeft UIInterfaceOrientationLandscapeRight";
				INFOPLIST_KEY_UISupportedInterfaceOrientations_iPhone = "UIInterfaceOrientationPortrait UIInterfaceOrientationLandscapeLeft UIInterfaceOrientationLandscapeRight";
				IPHONEOS_DEPLOYMENT_TARGET = 17.0;
				LD_RUNPATH_SEARCH_PATHS = (
					"$(inherited)",
					"@executable_path/Frameworks",
				);
				MARKETING_VERSION = 1.0;
				PRODUCT_BUNDLE_IDENTIFIER = com.arveenazhand.CoHive;
				PRODUCT_NAME = "$(TARGET_NAME)";
				SWIFT_EMIT_LOC_STRINGS = YES;
				SWIFT_VERSION = 5.0;
				TARGETED_DEVICE_FAMILY = "1,2";
			};
			name = Debug;
		};
		5487CA872BAEBD080070F6C3 /* Release */ = {
			isa = XCBuildConfiguration;
			buildSettings = {
				ASSETCATALOG_COMPILER_APPICON_NAME = AppIcon;
				ASSETCATALOG_COMPILER_GLOBAL_ACCENT_COLOR_NAME = AccentColor;
				CODE_SIGN_ENTITLEMENTS = CoHive/CoHive.entitlements;
				CODE_SIGN_STYLE = Automatic;
				CURRENT_PROJECT_VERSION = 1;
				DEVELOPMENT_ASSET_PATHS = "\"CoHive/Preview Content\"";
				DEVELOPMENT_TEAM = NNB4J65357;
				ENABLE_PREVIEWS = YES;
				GENERATE_INFOPLIST_FILE = YES;
				INFOPLIST_FILE = CoHive/Info.plist;
				INFOPLIST_KEY_LSApplicationCategoryType = "";
				INFOPLIST_KEY_UIApplicationSceneManifest_Generation = YES;
				INFOPLIST_KEY_UIApplicationSupportsIndirectInputEvents = YES;
				INFOPLIST_KEY_UILaunchScreen_Generation = YES;
				INFOPLIST_KEY_UISupportedInterfaceOrientations_iPad = "UIInterfaceOrientationPortrait UIInterfaceOrientationPortraitUpsideDown UIInterfaceOrientationLandscapeLeft UIInterfaceOrientationLandscapeRight";
				INFOPLIST_KEY_UISupportedInterfaceOrientations_iPhone = "UIInterfaceOrientationPortrait UIInterfaceOrientationLandscapeLeft UIInterfaceOrientationLandscapeRight";
				IPHONEOS_DEPLOYMENT_TARGET = 17.0;
				LD_RUNPATH_SEARCH_PATHS = (
					"$(inherited)",
					"@executable_path/Frameworks",
				);
				MARKETING_VERSION = 1.0;
				PRODUCT_BUNDLE_IDENTIFIER = com.arveenazhand.CoHive;
				PRODUCT_NAME = "$(TARGET_NAME)";
				SWIFT_EMIT_LOC_STRINGS = YES;
				SWIFT_VERSION = 5.0;
				TARGETED_DEVICE_FAMILY = "1,2";
			};
			name = Release;
		};
		5487CA892BAEBD080070F6C3 /* Debug */ = {
			isa = XCBuildConfiguration;
			buildSettings = {
				ALWAYS_EMBED_SWIFT_STANDARD_LIBRARIES = YES;
				BUNDLE_LOADER = "$(TEST_HOST)";
				CODE_SIGN_STYLE = Automatic;
				CURRENT_PROJECT_VERSION = 1;
				DEVELOPMENT_TEAM = NNB4J65357;
				GENERATE_INFOPLIST_FILE = YES;
				IPHONEOS_DEPLOYMENT_TARGET = 17.0;
				MARKETING_VERSION = 1.0;
				PRODUCT_BUNDLE_IDENTIFIER = com.arveenazhand.CoHiveTests;
				PRODUCT_NAME = "$(TARGET_NAME)";
				SWIFT_EMIT_LOC_STRINGS = NO;
				SWIFT_VERSION = 5.0;
				TARGETED_DEVICE_FAMILY = "1,2";
				TEST_HOST = "$(BUILT_PRODUCTS_DIR)/CoHive.app/$(BUNDLE_EXECUTABLE_FOLDER_PATH)/CoHive";
			};
			name = Debug;
		};
		5487CA8A2BAEBD080070F6C3 /* Release */ = {
			isa = XCBuildConfiguration;
			buildSettings = {
				ALWAYS_EMBED_SWIFT_STANDARD_LIBRARIES = YES;
				BUNDLE_LOADER = "$(TEST_HOST)";
				CODE_SIGN_STYLE = Automatic;
				CURRENT_PROJECT_VERSION = 1;
				DEVELOPMENT_TEAM = NNB4J65357;
				GENERATE_INFOPLIST_FILE = YES;
				IPHONEOS_DEPLOYMENT_TARGET = 17.0;
				MARKETING_VERSION = 1.0;
				PRODUCT_BUNDLE_IDENTIFIER = com.arveenazhand.CoHiveTests;
				PRODUCT_NAME = "$(TARGET_NAME)";
				SWIFT_EMIT_LOC_STRINGS = NO;
				SWIFT_VERSION = 5.0;
				TARGETED_DEVICE_FAMILY = "1,2";
				TEST_HOST = "$(BUILT_PRODUCTS_DIR)/CoHive.app/$(BUNDLE_EXECUTABLE_FOLDER_PATH)/CoHive";
			};
			name = Release;
		};
		5487CA8C2BAEBD080070F6C3 /* Debug */ = {
			isa = XCBuildConfiguration;
			buildSettings = {
				ALWAYS_EMBED_SWIFT_STANDARD_LIBRARIES = YES;
				CODE_SIGN_STYLE = Automatic;
				CURRENT_PROJECT_VERSION = 1;
				DEVELOPMENT_TEAM = NNB4J65357;
				GENERATE_INFOPLIST_FILE = YES;
				MARKETING_VERSION = 1.0;
				PRODUCT_BUNDLE_IDENTIFIER = com.arveenazhand.CoHiveUITests;
				PRODUCT_NAME = "$(TARGET_NAME)";
				SWIFT_EMIT_LOC_STRINGS = NO;
				SWIFT_VERSION = 5.0;
				TARGETED_DEVICE_FAMILY = "1,2";
				TEST_TARGET_NAME = CoHive;
			};
			name = Debug;
		};
		5487CA8D2BAEBD080070F6C3 /* Release */ = {
			isa = XCBuildConfiguration;
			buildSettings = {
				ALWAYS_EMBED_SWIFT_STANDARD_LIBRARIES = YES;
				CODE_SIGN_STYLE = Automatic;
				CURRENT_PROJECT_VERSION = 1;
				DEVELOPMENT_TEAM = NNB4J65357;
				GENERATE_INFOPLIST_FILE = YES;
				MARKETING_VERSION = 1.0;
				PRODUCT_BUNDLE_IDENTIFIER = com.arveenazhand.CoHiveUITests;
				PRODUCT_NAME = "$(TARGET_NAME)";
				SWIFT_EMIT_LOC_STRINGS = NO;
				SWIFT_VERSION = 5.0;
				TARGETED_DEVICE_FAMILY = "1,2";
				TEST_TARGET_NAME = CoHive;
			};
			name = Release;
		};
/* End XCBuildConfiguration section */

/* Begin XCConfigurationList section */
		5487CA5A2BAEBD060070F6C3 /* Build configuration list for PBXProject "CoHive" */ = {
			isa = XCConfigurationList;
			buildConfigurations = (
				5487CA832BAEBD080070F6C3 /* Debug */,
				5487CA842BAEBD080070F6C3 /* Release */,
			);
			defaultConfigurationIsVisible = 0;
			defaultConfigurationName = Release;
		};
		5487CA852BAEBD080070F6C3 /* Build configuration list for PBXNativeTarget "CoHive" */ = {
			isa = XCConfigurationList;
			buildConfigurations = (
				5487CA862BAEBD080070F6C3 /* Debug */,
				5487CA872BAEBD080070F6C3 /* Release */,
			);
			defaultConfigurationIsVisible = 0;
			defaultConfigurationName = Release;
		};
		5487CA882BAEBD080070F6C3 /* Build configuration list for PBXNativeTarget "CoHiveTests" */ = {
			isa = XCConfigurationList;
			buildConfigurations = (
				5487CA892BAEBD080070F6C3 /* Debug */,
				5487CA8A2BAEBD080070F6C3 /* Release */,
			);
			defaultConfigurationIsVisible = 0;
			defaultConfigurationName = Release;
		};
		5487CA8B2BAEBD080070F6C3 /* Build configuration list for PBXNativeTarget "CoHiveUITests" */ = {
			isa = XCConfigurationList;
			buildConfigurations = (
				5487CA8C2BAEBD080070F6C3 /* Debug */,
				5487CA8D2BAEBD080070F6C3 /* Release */,
			);
			defaultConfigurationIsVisible = 0;
			defaultConfigurationName = Release;
		};
/* End XCConfigurationList section */

/* Begin XCRemoteSwiftPackageReference section */
		548290A82BBA2114002BD95D /* XCRemoteSwiftPackageReference "GoogleSignIn-iOS" */ = {
			isa = XCRemoteSwiftPackageReference;
			repositoryURL = "https://github.com/google/GoogleSignIn-iOS";
			requirement = {
				kind = upToNextMajorVersion;
				minimumVersion = 7.1.0;
			};
		};
		54A7C1C92BB90B3B00DCD200 /* XCRemoteSwiftPackageReference "firebase-ios-sdk" */ = {
			isa = XCRemoteSwiftPackageReference;
			repositoryURL = "https://github.com/firebase/firebase-ios-sdk.git";
			requirement = {
				kind = upToNextMajorVersion;
				minimumVersion = 10.23.1;
			};
		};
/* End XCRemoteSwiftPackageReference section */

/* Begin XCSwiftPackageProductDependency section */
		541C9EEA2BEB2C26009D2E83 /* FirebaseFirestoreSwift */ = {
			isa = XCSwiftPackageProductDependency;
			package = 54A7C1C92BB90B3B00DCD200 /* XCRemoteSwiftPackageReference "firebase-ios-sdk" */;
			productName = FirebaseFirestoreSwift;
		};
		548290A92BBA2114002BD95D /* GoogleSignIn */ = {
			isa = XCSwiftPackageProductDependency;
			package = 548290A82BBA2114002BD95D /* XCRemoteSwiftPackageReference "GoogleSignIn-iOS" */;
			productName = GoogleSignIn;
		};
		548290AB2BBA2114002BD95D /* GoogleSignInSwift */ = {
			isa = XCSwiftPackageProductDependency;
			package = 548290A82BBA2114002BD95D /* XCRemoteSwiftPackageReference "GoogleSignIn-iOS" */;
			productName = GoogleSignInSwift;
		};
		54A7C1CA2BB90B3B00DCD200 /* FirebaseAnalytics */ = {
			isa = XCSwiftPackageProductDependency;
			package = 54A7C1C92BB90B3B00DCD200 /* XCRemoteSwiftPackageReference "firebase-ios-sdk" */;
			productName = FirebaseAnalytics;
		};
		54F578192BB90E28009683F5 /* FirebaseAnalyticsSwift */ = {
			isa = XCSwiftPackageProductDependency;
			package = 54A7C1C92BB90B3B00DCD200 /* XCRemoteSwiftPackageReference "firebase-ios-sdk" */;
			productName = FirebaseAnalyticsSwift;
		};
		54F5781C2BB90E9F009683F5 /* FirebaseFirestore */ = {
			isa = XCSwiftPackageProductDependency;
			package = 54A7C1C92BB90B3B00DCD200 /* XCRemoteSwiftPackageReference "firebase-ios-sdk" */;
			productName = FirebaseFirestore;
		};
		54F578202BB90F28009683F5 /* FirebaseAuth */ = {
			isa = XCSwiftPackageProductDependency;
			package = 54A7C1C92BB90B3B00DCD200 /* XCRemoteSwiftPackageReference "firebase-ios-sdk" */;
			productName = FirebaseAuth;
		};
/* End XCSwiftPackageProductDependency section */
	};
	rootObject = 5487CA572BAEBD060070F6C3 /* Project object */;
}
